
Microsoft Visual Studio Solution File, Format Version 12.00
# Visual Studio 2013
VisualStudioVersion = 12.0.30110.0
MinimumVisualStudioVersion = 10.0.40219.1
Project("{FAE04EC0-301F-11D3-BF4B-00C04F79EFBC}") = "GraduationProject", "GraduationProject\GraduationProject.csproj", "{39E5A224-15DC-4953-8EDA-DE6C9F4708A2}"
EndProject
Project("{FAE04EC0-301F-11D3-BF4B-00C04F79EFBC}") = "JiaoExperiment_1", "JiaoExperiment_1\JiaoExperiment_1.csproj", "{5C9E182E-8532-47FB-9F18-7E79B0409FF9}"
EndProject
Project("{FAE04EC0-301F-11D3-BF4B-00C04F79EFBC}") = "RTreeClassLibrary", "RTreeClassLibrary\RTreeClassLibrary.csproj", "{265FE1E3-D5D8-4A46-8E16-98B4561A0120}"
EndProject
Project("{FAE04EC0-301F-11D3-BF4B-00C04F79EFBC}") = "TrajectoriesToMap", "TrajectoriesToMap\TrajectoriesToMap.csproj", "{BD307D61-1260-4F2A-B568-92E1E1622038}"
EndProject
Project("{FAE04EC0-301F-11D3-BF4B-00C04F79EFBC}") = "RTreeTest", "RTreeTest\RTreeTest.csproj", "{04441887-35E8-490C-8575-5EC531A05DA7}"
EndProject
Global
	GlobalSection(SolutionConfigurationPlatforms) = preSolution
		Debug|Any CPU = Debug|Any CPU
		Debug|x86 = Debug|x86
		Release|Any CPU = Release|Any CPU
		Release|x86 = Release|x86
	EndGlobalSection
	GlobalSection(ProjectConfigurationPlatforms) = postSolution
		{39E5A224-15DC-4953-8EDA-DE6C9F4708A2}.Debug|Any CPU.ActiveCfg = Debug|x86
		{39E5A224-15DC-4953-8EDA-DE6C9F4708A2}.Debug|x86.ActiveCfg = Debug|x86
		{39E5A224-15DC-4953-8EDA-DE6C9F4708A2}.Debug|x86.Build.0 = Debug|x86
		{39E5A224-15DC-4953-8EDA-DE6C9F4708A2}.Release|Any CPU.ActiveCfg = Release|x86
		{39E5A224-15DC-4953-8EDA-DE6C9F4708A2}.Release|x86.ActiveCfg = Release|x86
		{39E5A224-15DC-4953-8EDA-DE6C9F4708A2}.Release|x86.Build.0 = Release|x86
		{5C9E182E-8532-47FB-9F18-7E79B0409FF9}.Debug|Any CPU.ActiveCfg = Debug|Any CPU
		{5C9E182E-8532-47FB-9F18-7E79B0409FF9}.Debug|Any CPU.Build.0 = Debug|Any CPU
		{5C9E182E-8532-47FB-9F18-7E79B0409FF9}.Debug|x86.ActiveCfg = Debug|Any CPU
		{5C9E182E-8532-47FB-9F18-7E79B0409FF9}.Release|Any CPU.ActiveCfg = Release|Any CPU
		{5C9E182E-8532-47FB-9F18-7E79B0409FF9}.Release|Any CPU.Build.0 = Release|Any CPU
		{5C9E182E-8532-47FB-9F18-7E79B0409FF9}.Release|x86.ActiveCfg = Release|Any CPU
		{265FE1E3-D5D8-4A46-8E16-98B4561A0120}.Debug|Any CPU.ActiveCfg = Debug|Any CPU
		{265FE1E3-D5D8-4A46-8E16-98B4561A0120}.Debug|Any CPU.Build.0 = Debug|Any CPU
		{265FE1E3-D5D8-4A46-8E16-98B4561A0120}.Debug|x86.ActiveCfg = Debug|Any CPU
		{265FE1E3-D5D8-4A46-8E16-98B4561A0120}.Release|Any CPU.ActiveCfg = Release|Any CPU
		{265FE1E3-D5D8-4A46-8E16-98B4561A0120}.Release|Any CPU.Build.0 = Release|Any CPU
		{265FE1E3-D5D8-4A46-8E16-98B4561A0120}.Release|x86.ActiveCfg = Release|Any CPU
		{BD307D61-1260-4F2A-B568-92E1E1622038}.Debug|Any CPU.ActiveCfg = Debug|Any CPU
		{BD307D61-1260-4F2A-B568-92E1E1622038}.Debug|Any CPU.Build.0 = Debug|Any CPU
		{BD307D61-1260-4F2A-B568-92E1E1622038}.Debug|x86.ActiveCfg = Debug|Any CPU
		{BD307D61-1260-4F2A-B568-92E1E1622038}.Release|Any CPU.ActiveCfg = Release|Any CPU
		{BD307D61-1260-4F2A-B568-92E1E1622038}.Release|Any CPU.Build.0 = Release|Any CPU
		{BD307D61-1260-4F2A-B568-92E1E1622038}.Release|x86.ActiveCfg = Release|Any CPU
		{04441887-35E8-490C-8575-5EC531A05DA7}.Debug|Any CPU.ActiveCfg = Debug|Any CPU
		{04441887-35E8-490C-8575-5EC531A05DA7}.Debug|Any CPU.Build.0 = Debug|Any CPU
		{04441887-35E8-490C-8575-5EC531A05DA7}.Debug|x86.ActiveCfg = Debug|Any CPU
		{04441887-35E8-490C-8575-5EC531A05DA7}.Release|Any CPU.ActiveCfg = Release|Any CPU
		{04441887-35E8-490C-8575-5EC531A05DA7}.Release|Any CPU.Build.0 = Release|Any CPU
		{04441887-35E8-490C-8575-5EC531A05DA7}.Release|x86.ActiveCfg = Release|Any CPU
	EndGlobalSection
	GlobalSection(SolutionProperties) = preSolution
		HideSolutionNode = FALSE
	EndGlobalSection
EndGlobal
