
Microsoft Visual Studio Solution File, Format Version 12.00
# Visual Studio 14
VisualStudioVersion = 14.0.24720.0
MinimumVisualStudioVersion = 10.0.40219.1
Project("{FAE04EC0-301F-11D3-BF4B-00C04F79EFBC}") = "GraduationProject", "GraduationProject\GraduationProject.csproj", "{39E5A224-15DC-4953-8EDA-DE6C9F4708A2}"
EndProject
Project("{FAE04EC0-301F-11D3-BF4B-00C04F79EFBC}") = "JiaoExperiment_1", "JiaoExperiment_1\JiaoExperiment_1.csproj", "{5C9E182E-8532-47FB-9F18-7E79B0409FF9}"
EndProject
Project("{FAE04EC0-301F-11D3-BF4B-00C04F79EFBC}") = "RTreeClassLibrary", "RTreeClassLibrary\RTreeClassLibrary.csproj", "{265FE1E3-D5D8-4A46-8E16-98B4561A0120}"
EndProject
Project("{FAE04EC0-301F-11D3-BF4B-00C04F79EFBC}") = "TrajectoriesToMap", "TrajectoriesToMap\TrajectoriesToMap.csproj", "{BD307D61-1260-4F2A-B568-92E1E1622038}"
EndProject
Project("{FAE04EC0-301F-11D3-BF4B-00C04F79EFBC}") = "RTreeTest", "RTreeTest\RTreeTest.csproj", "{04441887-35E8-490C-8575-5EC531A05DA7}"
EndProject
Project("{8BC9CEB8-8B4A-11D0-8D11-00A0C91BC942}") = "WordSegmentationByHMM_1", "WordSegmentationByHMM_1\WordSegmentationByHMM_1.vcxproj", "{318C8F3C-AB1A-428B-8B0D-BF2F48288A62}"
EndProject
Project("{8BC9CEB8-8B4A-11D0-8D11-00A0C91BC942}") = "WordSegmentationByHMM_2", "WordSegmentationByHMM_2\WordSegmentationByHMM_2.vcxproj", "{C99CF8FD-97DF-40B8-9206-C249940E1908}"
EndProject
Project("{8BC9CEB8-8B4A-11D0-8D11-00A0C91BC942}") = "WAP_Problem1", "WAP_Problem1\WAP_Problem1.vcxproj", "{2FAD1631-5285-439F-AA55-0E3DDDAFD18E}"
EndProject
Project("{8BC9CEB8-8B4A-11D0-8D11-00A0C91BC942}") = "FindRouteByDynamicPopularity", "FindRouteByDynamicPopularity\FindRouteByDynamicPopularity.vcxproj", "{77D371A3-2146-4BA9-88E9-1F9F4A7C7F45}"
EndProject
Project("{8BC9CEB8-8B4A-11D0-8D11-00A0C91BC942}") = "EXP002", "EXP002\EXP002.vcxproj", "{164E7827-6625-47B4-B6F6-E18A76BDC2C7}"
EndProject
Project("{8BC9CEB8-8B4A-11D0-8D11-00A0C91BC942}") = "DrawDemo", "DrawDemo\DrawDemo.vcxproj", "{940C2AA0-4A89-42C3-8E17-DAC206F32EFC}"
EndProject
Project("{8BC9CEB8-8B4A-11D0-8D11-00A0C91BC942}") = "drawTrajDemo", "DrawTraj\drawTraj.vcxproj", "{F8963C5A-DC36-4C67-AA10-65CBACB30D4E}"
EndProject
Global
	GlobalSection(SolutionConfigurationPlatforms) = preSolution
		Debug|Any CPU = Debug|Any CPU
		Debug|Mixed Platforms = Debug|Mixed Platforms
		Debug|Win32 = Debug|Win32
		Debug|x64 = Debug|x64
		Debug|x86 = Debug|x86
		Release|Any CPU = Release|Any CPU
		Release|Mixed Platforms = Release|Mixed Platforms
		Release|Win32 = Release|Win32
		Release|x64 = Release|x64
		Release|x86 = Release|x86
	EndGlobalSection
	GlobalSection(ProjectConfigurationPlatforms) = postSolution
		{39E5A224-15DC-4953-8EDA-DE6C9F4708A2}.Debug|Any CPU.ActiveCfg = Debug|x86
		{39E5A224-15DC-4953-8EDA-DE6C9F4708A2}.Debug|Mixed Platforms.ActiveCfg = Debug|x86
		{39E5A224-15DC-4953-8EDA-DE6C9F4708A2}.Debug|Mixed Platforms.Build.0 = Debug|x86
		{39E5A224-15DC-4953-8EDA-DE6C9F4708A2}.Debug|Win32.ActiveCfg = Debug|x86
		{39E5A224-15DC-4953-8EDA-DE6C9F4708A2}.Debug|Win32.Build.0 = Debug|x86
		{39E5A224-15DC-4953-8EDA-DE6C9F4708A2}.Debug|x64.ActiveCfg = Debug|x86
		{39E5A224-15DC-4953-8EDA-DE6C9F4708A2}.Debug|x86.ActiveCfg = Debug|x86
		{39E5A224-15DC-4953-8EDA-DE6C9F4708A2}.Debug|x86.Build.0 = Debug|x86
		{39E5A224-15DC-4953-8EDA-DE6C9F4708A2}.Release|Any CPU.ActiveCfg = Release|x86
		{39E5A224-15DC-4953-8EDA-DE6C9F4708A2}.Release|Mixed Platforms.ActiveCfg = Release|x86
		{39E5A224-15DC-4953-8EDA-DE6C9F4708A2}.Release|Mixed Platforms.Build.0 = Release|x86
		{39E5A224-15DC-4953-8EDA-DE6C9F4708A2}.Release|Win32.ActiveCfg = Release|x86
		{39E5A224-15DC-4953-8EDA-DE6C9F4708A2}.Release|Win32.Build.0 = Release|x86
		{39E5A224-15DC-4953-8EDA-DE6C9F4708A2}.Release|x64.ActiveCfg = Release|x86
		{39E5A224-15DC-4953-8EDA-DE6C9F4708A2}.Release|x86.ActiveCfg = Release|x86
		{39E5A224-15DC-4953-8EDA-DE6C9F4708A2}.Release|x86.Build.0 = Release|x86
		{5C9E182E-8532-47FB-9F18-7E79B0409FF9}.Debug|Any CPU.ActiveCfg = Debug|Any CPU
		{5C9E182E-8532-47FB-9F18-7E79B0409FF9}.Debug|Any CPU.Build.0 = Debug|Any CPU
		{5C9E182E-8532-47FB-9F18-7E79B0409FF9}.Debug|Mixed Platforms.ActiveCfg = Debug|Any CPU
		{5C9E182E-8532-47FB-9F18-7E79B0409FF9}.Debug|Mixed Platforms.Build.0 = Debug|Any CPU
		{5C9E182E-8532-47FB-9F18-7E79B0409FF9}.Debug|Win32.ActiveCfg = Debug|Any CPU
		{5C9E182E-8532-47FB-9F18-7E79B0409FF9}.Debug|x64.ActiveCfg = Debug|Any CPU
		{5C9E182E-8532-47FB-9F18-7E79B0409FF9}.Debug|x64.Build.0 = Debug|Any CPU
		{5C9E182E-8532-47FB-9F18-7E79B0409FF9}.Debug|x86.ActiveCfg = Debug|Any CPU
		{5C9E182E-8532-47FB-9F18-7E79B0409FF9}.Release|Any CPU.ActiveCfg = Release|Any CPU
		{5C9E182E-8532-47FB-9F18-7E79B0409FF9}.Release|Any CPU.Build.0 = Release|Any CPU
		{5C9E182E-8532-47FB-9F18-7E79B0409FF9}.Release|Mixed Platforms.ActiveCfg = Release|Any CPU
		{5C9E182E-8532-47FB-9F18-7E79B0409FF9}.Release|Mixed Platforms.Build.0 = Release|Any CPU
		{5C9E182E-8532-47FB-9F18-7E79B0409FF9}.Release|Win32.ActiveCfg = Release|Any CPU
		{5C9E182E-8532-47FB-9F18-7E79B0409FF9}.Release|x64.ActiveCfg = Release|Any CPU
		{5C9E182E-8532-47FB-9F18-7E79B0409FF9}.Release|x64.Build.0 = Release|Any CPU
		{5C9E182E-8532-47FB-9F18-7E79B0409FF9}.Release|x86.ActiveCfg = Release|Any CPU
		{265FE1E3-D5D8-4A46-8E16-98B4561A0120}.Debug|Any CPU.ActiveCfg = Debug|Any CPU
		{265FE1E3-D5D8-4A46-8E16-98B4561A0120}.Debug|Any CPU.Build.0 = Debug|Any CPU
		{265FE1E3-D5D8-4A46-8E16-98B4561A0120}.Debug|Mixed Platforms.ActiveCfg = Debug|Any CPU
		{265FE1E3-D5D8-4A46-8E16-98B4561A0120}.Debug|Mixed Platforms.Build.0 = Debug|Any CPU
		{265FE1E3-D5D8-4A46-8E16-98B4561A0120}.Debug|Win32.ActiveCfg = Debug|Any CPU
		{265FE1E3-D5D8-4A46-8E16-98B4561A0120}.Debug|x64.ActiveCfg = Debug|Any CPU
		{265FE1E3-D5D8-4A46-8E16-98B4561A0120}.Debug|x64.Build.0 = Debug|Any CPU
		{265FE1E3-D5D8-4A46-8E16-98B4561A0120}.Debug|x86.ActiveCfg = Debug|Any CPU
		{265FE1E3-D5D8-4A46-8E16-98B4561A0120}.Release|Any CPU.ActiveCfg = Release|Any CPU
		{265FE1E3-D5D8-4A46-8E16-98B4561A0120}.Release|Any CPU.Build.0 = Release|Any CPU
		{265FE1E3-D5D8-4A46-8E16-98B4561A0120}.Release|Mixed Platforms.ActiveCfg = Release|Any CPU
		{265FE1E3-D5D8-4A46-8E16-98B4561A0120}.Release|Mixed Platforms.Build.0 = Release|Any CPU
		{265FE1E3-D5D8-4A46-8E16-98B4561A0120}.Release|Win32.ActiveCfg = Release|Any CPU
		{265FE1E3-D5D8-4A46-8E16-98B4561A0120}.Release|x64.ActiveCfg = Release|Any CPU
		{265FE1E3-D5D8-4A46-8E16-98B4561A0120}.Release|x64.Build.0 = Release|Any CPU
		{265FE1E3-D5D8-4A46-8E16-98B4561A0120}.Release|x86.ActiveCfg = Release|Any CPU
		{BD307D61-1260-4F2A-B568-92E1E1622038}.Debug|Any CPU.ActiveCfg = Debug|Any CPU
		{BD307D61-1260-4F2A-B568-92E1E1622038}.Debug|Any CPU.Build.0 = Debug|Any CPU
		{BD307D61-1260-4F2A-B568-92E1E1622038}.Debug|Mixed Platforms.ActiveCfg = Debug|Any CPU
		{BD307D61-1260-4F2A-B568-92E1E1622038}.Debug|Mixed Platforms.Build.0 = Debug|Any CPU
		{BD307D61-1260-4F2A-B568-92E1E1622038}.Debug|Win32.ActiveCfg = Debug|Any CPU
		{BD307D61-1260-4F2A-B568-92E1E1622038}.Debug|x64.ActiveCfg = Debug|Any CPU
		{BD307D61-1260-4F2A-B568-92E1E1622038}.Debug|x64.Build.0 = Debug|Any CPU
		{BD307D61-1260-4F2A-B568-92E1E1622038}.Debug|x86.ActiveCfg = Debug|Any CPU
		{BD307D61-1260-4F2A-B568-92E1E1622038}.Release|Any CPU.ActiveCfg = Release|Any CPU
		{BD307D61-1260-4F2A-B568-92E1E1622038}.Release|Any CPU.Build.0 = Release|Any CPU
		{BD307D61-1260-4F2A-B568-92E1E1622038}.Release|Mixed Platforms.ActiveCfg = Release|Any CPU
		{BD307D61-1260-4F2A-B568-92E1E1622038}.Release|Mixed Platforms.Build.0 = Release|Any CPU
		{BD307D61-1260-4F2A-B568-92E1E1622038}.Release|Win32.ActiveCfg = Release|Any CPU
		{BD307D61-1260-4F2A-B568-92E1E1622038}.Release|x64.ActiveCfg = Release|Any CPU
		{BD307D61-1260-4F2A-B568-92E1E1622038}.Release|x64.Build.0 = Release|Any CPU
		{BD307D61-1260-4F2A-B568-92E1E1622038}.Release|x86.ActiveCfg = Release|Any CPU
		{04441887-35E8-490C-8575-5EC531A05DA7}.Debug|Any CPU.ActiveCfg = Debug|Any CPU
		{04441887-35E8-490C-8575-5EC531A05DA7}.Debug|Any CPU.Build.0 = Debug|Any CPU
		{04441887-35E8-490C-8575-5EC531A05DA7}.Debug|Mixed Platforms.ActiveCfg = Debug|Any CPU
		{04441887-35E8-490C-8575-5EC531A05DA7}.Debug|Mixed Platforms.Build.0 = Debug|Any CPU
		{04441887-35E8-490C-8575-5EC531A05DA7}.Debug|Win32.ActiveCfg = Debug|Any CPU
		{04441887-35E8-490C-8575-5EC531A05DA7}.Debug|x64.ActiveCfg = Debug|Any CPU
		{04441887-35E8-490C-8575-5EC531A05DA7}.Debug|x64.Build.0 = Debug|Any CPU
		{04441887-35E8-490C-8575-5EC531A05DA7}.Debug|x86.ActiveCfg = Debug|Any CPU
		{04441887-35E8-490C-8575-5EC531A05DA7}.Release|Any CPU.ActiveCfg = Release|Any CPU
		{04441887-35E8-490C-8575-5EC531A05DA7}.Release|Any CPU.Build.0 = Release|Any CPU
		{04441887-35E8-490C-8575-5EC531A05DA7}.Release|Mixed Platforms.ActiveCfg = Release|Any CPU
		{04441887-35E8-490C-8575-5EC531A05DA7}.Release|Mixed Platforms.Build.0 = Release|Any CPU
		{04441887-35E8-490C-8575-5EC531A05DA7}.Release|Win32.ActiveCfg = Release|Any CPU
		{04441887-35E8-490C-8575-5EC531A05DA7}.Release|x64.ActiveCfg = Release|Any CPU
		{04441887-35E8-490C-8575-5EC531A05DA7}.Release|x64.Build.0 = Release|Any CPU
		{04441887-35E8-490C-8575-5EC531A05DA7}.Release|x86.ActiveCfg = Release|Any CPU
		{318C8F3C-AB1A-428B-8B0D-BF2F48288A62}.Debug|Any CPU.ActiveCfg = Debug|Win32
		{318C8F3C-AB1A-428B-8B0D-BF2F48288A62}.Debug|Mixed Platforms.ActiveCfg = Debug|Win32
		{318C8F3C-AB1A-428B-8B0D-BF2F48288A62}.Debug|Mixed Platforms.Build.0 = Debug|Win32
		{318C8F3C-AB1A-428B-8B0D-BF2F48288A62}.Debug|Win32.ActiveCfg = Debug|Win32
		{318C8F3C-AB1A-428B-8B0D-BF2F48288A62}.Debug|Win32.Build.0 = Debug|Win32
		{318C8F3C-AB1A-428B-8B0D-BF2F48288A62}.Debug|x64.ActiveCfg = Debug|Win32
		{318C8F3C-AB1A-428B-8B0D-BF2F48288A62}.Debug|x86.ActiveCfg = Debug|Win32
		{318C8F3C-AB1A-428B-8B0D-BF2F48288A62}.Debug|x86.Build.0 = Debug|Win32
		{318C8F3C-AB1A-428B-8B0D-BF2F48288A62}.Release|Any CPU.ActiveCfg = Release|Win32
		{318C8F3C-AB1A-428B-8B0D-BF2F48288A62}.Release|Mixed Platforms.ActiveCfg = Release|Win32
		{318C8F3C-AB1A-428B-8B0D-BF2F48288A62}.Release|Mixed Platforms.Build.0 = Release|Win32
		{318C8F3C-AB1A-428B-8B0D-BF2F48288A62}.Release|Win32.ActiveCfg = Release|Win32
		{318C8F3C-AB1A-428B-8B0D-BF2F48288A62}.Release|Win32.Build.0 = Release|Win32
		{318C8F3C-AB1A-428B-8B0D-BF2F48288A62}.Release|x64.ActiveCfg = Release|Win32
		{318C8F3C-AB1A-428B-8B0D-BF2F48288A62}.Release|x86.ActiveCfg = Release|Win32
		{318C8F3C-AB1A-428B-8B0D-BF2F48288A62}.Release|x86.Build.0 = Release|Win32
		{C99CF8FD-97DF-40B8-9206-C249940E1908}.Debug|Any CPU.ActiveCfg = Debug|Win32
		{C99CF8FD-97DF-40B8-9206-C249940E1908}.Debug|Mixed Platforms.ActiveCfg = Debug|Win32
		{C99CF8FD-97DF-40B8-9206-C249940E1908}.Debug|Mixed Platforms.Build.0 = Debug|Win32
		{C99CF8FD-97DF-40B8-9206-C249940E1908}.Debug|Win32.ActiveCfg = Debug|Win32
		{C99CF8FD-97DF-40B8-9206-C249940E1908}.Debug|Win32.Build.0 = Debug|Win32
		{C99CF8FD-97DF-40B8-9206-C249940E1908}.Debug|x64.ActiveCfg = Debug|Win32
		{C99CF8FD-97DF-40B8-9206-C249940E1908}.Debug|x86.ActiveCfg = Debug|Win32
		{C99CF8FD-97DF-40B8-9206-C249940E1908}.Debug|x86.Build.0 = Debug|Win32
		{C99CF8FD-97DF-40B8-9206-C249940E1908}.Release|Any CPU.ActiveCfg = Release|Win32
		{C99CF8FD-97DF-40B8-9206-C249940E1908}.Release|Mixed Platforms.ActiveCfg = Release|Win32
		{C99CF8FD-97DF-40B8-9206-C249940E1908}.Release|Mixed Platforms.Build.0 = Release|Win32
		{C99CF8FD-97DF-40B8-9206-C249940E1908}.Release|Win32.ActiveCfg = Release|Win32
		{C99CF8FD-97DF-40B8-9206-C249940E1908}.Release|Win32.Build.0 = Release|Win32
		{C99CF8FD-97DF-40B8-9206-C249940E1908}.Release|x64.ActiveCfg = Release|Win32
		{C99CF8FD-97DF-40B8-9206-C249940E1908}.Release|x86.ActiveCfg = Release|Win32
		{C99CF8FD-97DF-40B8-9206-C249940E1908}.Release|x86.Build.0 = Release|Win32
		{2FAD1631-5285-439F-AA55-0E3DDDAFD18E}.Debug|Any CPU.ActiveCfg = Debug|Win32
		{2FAD1631-5285-439F-AA55-0E3DDDAFD18E}.Debug|Mixed Platforms.ActiveCfg = Debug|Win32
		{2FAD1631-5285-439F-AA55-0E3DDDAFD18E}.Debug|Mixed Platforms.Build.0 = Debug|Win32
		{2FAD1631-5285-439F-AA55-0E3DDDAFD18E}.Debug|Win32.ActiveCfg = Debug|Win32
		{2FAD1631-5285-439F-AA55-0E3DDDAFD18E}.Debug|Win32.Build.0 = Debug|Win32
		{2FAD1631-5285-439F-AA55-0E3DDDAFD18E}.Debug|x64.ActiveCfg = Debug|Win32
		{2FAD1631-5285-439F-AA55-0E3DDDAFD18E}.Debug|x86.ActiveCfg = Debug|Win32
		{2FAD1631-5285-439F-AA55-0E3DDDAFD18E}.Debug|x86.Build.0 = Debug|Win32
		{2FAD1631-5285-439F-AA55-0E3DDDAFD18E}.Release|Any CPU.ActiveCfg = Release|Win32
		{2FAD1631-5285-439F-AA55-0E3DDDAFD18E}.Release|Mixed Platforms.ActiveCfg = Release|Win32
		{2FAD1631-5285-439F-AA55-0E3DDDAFD18E}.Release|Mixed Platforms.Build.0 = Release|Win32
		{2FAD1631-5285-439F-AA55-0E3DDDAFD18E}.Release|Win32.ActiveCfg = Release|Win32
		{2FAD1631-5285-439F-AA55-0E3DDDAFD18E}.Release|Win32.Build.0 = Release|Win32
		{2FAD1631-5285-439F-AA55-0E3DDDAFD18E}.Release|x64.ActiveCfg = Release|Win32
		{2FAD1631-5285-439F-AA55-0E3DDDAFD18E}.Release|x86.ActiveCfg = Release|Win32
		{2FAD1631-5285-439F-AA55-0E3DDDAFD18E}.Release|x86.Build.0 = Release|Win32
		{77D371A3-2146-4BA9-88E9-1F9F4A7C7F45}.Debug|Any CPU.ActiveCfg = Debug|Win32
		{77D371A3-2146-4BA9-88E9-1F9F4A7C7F45}.Debug|Mixed Platforms.ActiveCfg = Debug|Win32
		{77D371A3-2146-4BA9-88E9-1F9F4A7C7F45}.Debug|Mixed Platforms.Build.0 = Debug|Win32
		{77D371A3-2146-4BA9-88E9-1F9F4A7C7F45}.Debug|Win32.ActiveCfg = Debug|Win32
		{77D371A3-2146-4BA9-88E9-1F9F4A7C7F45}.Debug|Win32.Build.0 = Debug|Win32
		{77D371A3-2146-4BA9-88E9-1F9F4A7C7F45}.Debug|x64.ActiveCfg = Debug|Win32
		{77D371A3-2146-4BA9-88E9-1F9F4A7C7F45}.Debug|x86.ActiveCfg = Debug|Win32
		{77D371A3-2146-4BA9-88E9-1F9F4A7C7F45}.Debug|x86.Build.0 = Debug|Win32
		{77D371A3-2146-4BA9-88E9-1F9F4A7C7F45}.Release|Any CPU.ActiveCfg = Release|Win32
		{77D371A3-2146-4BA9-88E9-1F9F4A7C7F45}.Release|Mixed Platforms.ActiveCfg = Release|Win32
		{77D371A3-2146-4BA9-88E9-1F9F4A7C7F45}.Release|Mixed Platforms.Build.0 = Release|Win32
		{77D371A3-2146-4BA9-88E9-1F9F4A7C7F45}.Release|Win32.ActiveCfg = Release|Win32
		{77D371A3-2146-4BA9-88E9-1F9F4A7C7F45}.Release|Win32.Build.0 = Release|Win32
		{77D371A3-2146-4BA9-88E9-1F9F4A7C7F45}.Release|x64.ActiveCfg = Release|Win32
		{77D371A3-2146-4BA9-88E9-1F9F4A7C7F45}.Release|x86.ActiveCfg = Release|Win32
		{77D371A3-2146-4BA9-88E9-1F9F4A7C7F45}.Release|x86.Build.0 = Release|Win32
		{164E7827-6625-47B4-B6F6-E18A76BDC2C7}.Debug|Any CPU.ActiveCfg = Debug|Win32
		{164E7827-6625-47B4-B6F6-E18A76BDC2C7}.Debug|Mixed Platforms.ActiveCfg = Debug|Win32
		{164E7827-6625-47B4-B6F6-E18A76BDC2C7}.Debug|Mixed Platforms.Build.0 = Debug|Win32
		{164E7827-6625-47B4-B6F6-E18A76BDC2C7}.Debug|Win32.ActiveCfg = Debug|Win32
		{164E7827-6625-47B4-B6F6-E18A76BDC2C7}.Debug|Win32.Build.0 = Debug|Win32
		{164E7827-6625-47B4-B6F6-E18A76BDC2C7}.Debug|x64.ActiveCfg = Debug|Win32
		{164E7827-6625-47B4-B6F6-E18A76BDC2C7}.Debug|x86.ActiveCfg = Debug|Win32
		{164E7827-6625-47B4-B6F6-E18A76BDC2C7}.Debug|x86.Build.0 = Debug|Win32
		{164E7827-6625-47B4-B6F6-E18A76BDC2C7}.Release|Any CPU.ActiveCfg = Release|Win32
		{164E7827-6625-47B4-B6F6-E18A76BDC2C7}.Release|Mixed Platforms.ActiveCfg = Release|Win32
		{164E7827-6625-47B4-B6F6-E18A76BDC2C7}.Release|Mixed Platforms.Build.0 = Release|Win32
		{164E7827-6625-47B4-B6F6-E18A76BDC2C7}.Release|Win32.ActiveCfg = Release|Win32
		{164E7827-6625-47B4-B6F6-E18A76BDC2C7}.Release|Win32.Build.0 = Release|Win32
		{164E7827-6625-47B4-B6F6-E18A76BDC2C7}.Release|x64.ActiveCfg = Release|Win32
		{164E7827-6625-47B4-B6F6-E18A76BDC2C7}.Release|x86.ActiveCfg = Release|Win32
		{164E7827-6625-47B4-B6F6-E18A76BDC2C7}.Release|x86.Build.0 = Release|Win32
		{940C2AA0-4A89-42C3-8E17-DAC206F32EFC}.Debug|Any CPU.ActiveCfg = Debug|Win32
		{940C2AA0-4A89-42C3-8E17-DAC206F32EFC}.Debug|Mixed Platforms.ActiveCfg = Debug|Win32
		{940C2AA0-4A89-42C3-8E17-DAC206F32EFC}.Debug|Mixed Platforms.Build.0 = Debug|Win32
		{940C2AA0-4A89-42C3-8E17-DAC206F32EFC}.Debug|Win32.ActiveCfg = Debug|Win32
		{940C2AA0-4A89-42C3-8E17-DAC206F32EFC}.Debug|Win32.Build.0 = Debug|Win32
		{940C2AA0-4A89-42C3-8E17-DAC206F32EFC}.Debug|x64.ActiveCfg = Debug|x64
		{940C2AA0-4A89-42C3-8E17-DAC206F32EFC}.Debug|x64.Build.0 = Debug|x64
		{940C2AA0-4A89-42C3-8E17-DAC206F32EFC}.Debug|x86.ActiveCfg = Debug|Win32
		{940C2AA0-4A89-42C3-8E17-DAC206F32EFC}.Debug|x86.Build.0 = Debug|Win32
		{940C2AA0-4A89-42C3-8E17-DAC206F32EFC}.Release|Any CPU.ActiveCfg = Release|Win32
		{940C2AA0-4A89-42C3-8E17-DAC206F32EFC}.Release|Mixed Platforms.ActiveCfg = Release|Win32
		{940C2AA0-4A89-42C3-8E17-DAC206F32EFC}.Release|Mixed Platforms.Build.0 = Release|Win32
		{940C2AA0-4A89-42C3-8E17-DAC206F32EFC}.Release|Win32.ActiveCfg = Release|Win32
		{940C2AA0-4A89-42C3-8E17-DAC206F32EFC}.Release|Win32.Build.0 = Release|Win32
		{940C2AA0-4A89-42C3-8E17-DAC206F32EFC}.Release|x64.ActiveCfg = Release|x64
		{940C2AA0-4A89-42C3-8E17-DAC206F32EFC}.Release|x64.Build.0 = Release|x64
		{940C2AA0-4A89-42C3-8E17-DAC206F32EFC}.Release|x86.ActiveCfg = Release|Win32
		{940C2AA0-4A89-42C3-8E17-DAC206F32EFC}.Release|x86.Build.0 = Release|Win32
		{F8963C5A-DC36-4C67-AA10-65CBACB30D4E}.Debug|Any CPU.ActiveCfg = Debug|Win32
		{F8963C5A-DC36-4C67-AA10-65CBACB30D4E}.Debug|Mixed Platforms.ActiveCfg = Debug|Win32
		{F8963C5A-DC36-4C67-AA10-65CBACB30D4E}.Debug|Mixed Platforms.Build.0 = Debug|Win32
		{F8963C5A-DC36-4C67-AA10-65CBACB30D4E}.Debug|Win32.ActiveCfg = Debug|Win32
		{F8963C5A-DC36-4C67-AA10-65CBACB30D4E}.Debug|Win32.Build.0 = Debug|Win32
		{F8963C5A-DC36-4C67-AA10-65CBACB30D4E}.Debug|x64.ActiveCfg = Debug|Win32
		{F8963C5A-DC36-4C67-AA10-65CBACB30D4E}.Debug|x86.ActiveCfg = Debug|Win32
		{F8963C5A-DC36-4C67-AA10-65CBACB30D4E}.Debug|x86.Build.0 = Debug|Win32
		{F8963C5A-DC36-4C67-AA10-65CBACB30D4E}.Release|Any CPU.ActiveCfg = Release|Win32
		{F8963C5A-DC36-4C67-AA10-65CBACB30D4E}.Release|Mixed Platforms.ActiveCfg = Release|Win32
		{F8963C5A-DC36-4C67-AA10-65CBACB30D4E}.Release|Mixed Platforms.Build.0 = Release|Win32
		{F8963C5A-DC36-4C67-AA10-65CBACB30D4E}.Release|Win32.ActiveCfg = Release|Win32
		{F8963C5A-DC36-4C67-AA10-65CBACB30D4E}.Release|Win32.Build.0 = Release|Win32
		{F8963C5A-DC36-4C67-AA10-65CBACB30D4E}.Release|x64.ActiveCfg = Release|Win32
		{F8963C5A-DC36-4C67-AA10-65CBACB30D4E}.Release|x86.ActiveCfg = Release|Win32
		{F8963C5A-DC36-4C67-AA10-65CBACB30D4E}.Release|x86.Build.0 = Release|Win32
	EndGlobalSection
	GlobalSection(SolutionProperties) = preSolution
		HideSolutionNode = FALSE
	EndGlobalSection
EndGlobal
